// !$*UTF8*$!
{
	archiveVersion = 1;
	classes = {
	};
	objectVersion = 50;
	objects = {

/* Begin PBXBuildFile section */
		41A5EFAD2540650E00D48797 /* AppDelegate.swift in Sources */ = {isa = PBXBuildFile; fileRef = 41A5EFAC2540650E00D48797 /* AppDelegate.swift */; };
		41A5EFAF2540650E00D48797 /* SceneDelegate.swift in Sources */ = {isa = PBXBuildFile; fileRef = 41A5EFAE2540650E00D48797 /* SceneDelegate.swift */; };
		41A5EFB12540650E00D48797 /* ViewController.swift in Sources */ = {isa = PBXBuildFile; fileRef = 41A5EFB02540650E00D48797 /* ViewController.swift */; };
		41A5EFB42540650E00D48797 /* Main.storyboard in Resources */ = {isa = PBXBuildFile; fileRef = 41A5EFB22540650E00D48797 /* Main.storyboard */; };
		41A5EFB62540651000D48797 /* Assets.xcassets in Resources */ = {isa = PBXBuildFile; fileRef = 41A5EFB52540651000D48797 /* Assets.xcassets */; };
		41A5EFB92540651000D48797 /* LaunchScreen.storyboard in Resources */ = {isa = PBXBuildFile; fileRef = 41A5EFB72540651000D48797 /* LaunchScreen.storyboard */; };
		41A5EFC42540651000D48797 /* FilmViewModelTests.swift in Sources */ = {isa = PBXBuildFile; fileRef = 41A5EFC32540651000D48797 /* FilmViewModelTests.swift */; };
		41A5EFCF2540651000D48797 /* GhibliMoviesUITests.swift in Sources */ = {isa = PBXBuildFile; fileRef = 41A5EFCE2540651000D48797 /* GhibliMoviesUITests.swift */; };
		41A5EFE1254065F900D48797 /* Film.swift in Sources */ = {isa = PBXBuildFile; fileRef = 41A5EFE0254065F900D48797 /* Film.swift */; };
		41A5EFE7254066A100D48797 /* FilmViewModel.swift in Sources */ = {isa = PBXBuildFile; fileRef = 41A5EFE6254066A100D48797 /* FilmViewModel.swift */; };
		41A5EFF6254069B100D48797 /* GhibliError.swift in Sources */ = {isa = PBXBuildFile; fileRef = 41A5EFF5254069B100D48797 /* GhibliError.swift */; };
		41A5EFFE25407A8D00D48797 /* FilmCodableTests.swift in Sources */ = {isa = PBXBuildFile; fileRef = 41A5EFFD25407A8D00D48797 /* FilmCodableTests.swift */; };
		41A5F00F2540850C00D48797 /* LICENSE in Resources */ = {isa = PBXBuildFile; fileRef = 41A5F00E2540850C00D48797 /* LICENSE */; };
/* End PBXBuildFile section */

/* Begin PBXContainerItemProxy section */
		41A5EFC02540651000D48797 /* PBXContainerItemProxy */ = {
			isa = PBXContainerItemProxy;
			containerPortal = 41A5EFA12540650E00D48797 /* Project object */;
			proxyType = 1;
			remoteGlobalIDString = 41A5EFA82540650E00D48797;
			remoteInfo = GhibliMovies;
		};
		41A5EFCB2540651000D48797 /* PBXContainerItemProxy */ = {
			isa = PBXContainerItemProxy;
			containerPortal = 41A5EFA12540650E00D48797 /* Project object */;
			proxyType = 1;
			remoteGlobalIDString = 41A5EFA82540650E00D48797;
			remoteInfo = GhibliMovies;
		};
/* End PBXContainerItemProxy section */

/* Begin PBXFileReference section */
		41A5EFA92540650E00D48797 /* GhibliMovies.app */ = {isa = PBXFileReference; explicitFileType = wrapper.application; includeInIndex = 0; path = GhibliMovies.app; sourceTree = BUILT_PRODUCTS_DIR; };
		41A5EFAC2540650E00D48797 /* AppDelegate.swift */ = {isa = PBXFileReference; lastKnownFileType = sourcecode.swift; path = AppDelegate.swift; sourceTree = "<group>"; };
		41A5EFAE2540650E00D48797 /* SceneDelegate.swift */ = {isa = PBXFileReference; lastKnownFileType = sourcecode.swift; path = SceneDelegate.swift; sourceTree = "<group>"; };
		41A5EFB02540650E00D48797 /* ViewController.swift */ = {isa = PBXFileReference; lastKnownFileType = sourcecode.swift; path = ViewController.swift; sourceTree = "<group>"; };
		41A5EFB32540650E00D48797 /* Base */ = {isa = PBXFileReference; lastKnownFileType = file.storyboard; name = Base; path = Base.lproj/Main.storyboard; sourceTree = "<group>"; };
		41A5EFB52540651000D48797 /* Assets.xcassets */ = {isa = PBXFileReference; lastKnownFileType = folder.assetcatalog; path = Assets.xcassets; sourceTree = "<group>"; };
		41A5EFB82540651000D48797 /* Base */ = {isa = PBXFileReference; lastKnownFileType = file.storyboard; name = Base; path = Base.lproj/LaunchScreen.storyboard; sourceTree = "<group>"; };
		41A5EFBA2540651000D48797 /* Info.plist */ = {isa = PBXFileReference; lastKnownFileType = text.plist.xml; path = Info.plist; sourceTree = "<group>"; };
		41A5EFBF2540651000D48797 /* GhibliMoviesTests.xctest */ = {isa = PBXFileReference; explicitFileType = wrapper.cfbundle; includeInIndex = 0; path = GhibliMoviesTests.xctest; sourceTree = BUILT_PRODUCTS_DIR; };
		41A5EFC32540651000D48797 /* FilmViewModelTests.swift */ = {isa = PBXFileReference; lastKnownFileType = sourcecode.swift; path = FilmViewModelTests.swift; sourceTree = "<group>"; };
		41A5EFC52540651000D48797 /* Info.plist */ = {isa = PBXFileReference; lastKnownFileType = text.plist.xml; path = Info.plist; sourceTree = "<group>"; };
		41A5EFCA2540651000D48797 /* GhibliMoviesUITests.xctest */ = {isa = PBXFileReference; explicitFileType = wrapper.cfbundle; includeInIndex = 0; path = GhibliMoviesUITests.xctest; sourceTree = BUILT_PRODUCTS_DIR; };
		41A5EFCE2540651000D48797 /* GhibliMoviesUITests.swift */ = {isa = PBXFileReference; lastKnownFileType = sourcecode.swift; path = GhibliMoviesUITests.swift; sourceTree = "<group>"; };
		41A5EFD02540651000D48797 /* Info.plist */ = {isa = PBXFileReference; lastKnownFileType = text.plist.xml; path = Info.plist; sourceTree = "<group>"; };
		41A5EFE0254065F900D48797 /* Film.swift */ = {isa = PBXFileReference; lastKnownFileType = sourcecode.swift; path = Film.swift; sourceTree = "<group>"; };
		41A5EFE6254066A100D48797 /* FilmViewModel.swift */ = {isa = PBXFileReference; lastKnownFileType = sourcecode.swift; path = FilmViewModel.swift; sourceTree = "<group>"; };
		41A5EFF5254069B100D48797 /* GhibliError.swift */ = {isa = PBXFileReference; lastKnownFileType = sourcecode.swift; path = GhibliError.swift; sourceTree = "<group>"; };
		41A5EFFD25407A8D00D48797 /* FilmCodableTests.swift */ = {isa = PBXFileReference; lastKnownFileType = sourcecode.swift; path = FilmCodableTests.swift; sourceTree = "<group>"; };
		41A5F00E2540850C00D48797 /* LICENSE */ = {isa = PBXFileReference; fileEncoding = 4; lastKnownFileType = text; path = LICENSE; sourceTree = "<group>"; };
		41A5F0132540856400D48797 /* README.md */ = {isa = PBXFileReference; lastKnownFileType = net.daringfireball.markdown; path = README.md; sourceTree = "<group>"; };
/* End PBXFileReference section */

/* Begin PBXFrameworksBuildPhase section */
		41A5EFA62540650E00D48797 /* Frameworks */ = {
			isa = PBXFrameworksBuildPhase;
			buildActionMask = 2147483647;
			files = (
			);
			runOnlyForDeploymentPostprocessing = 0;
		};
		41A5EFBC2540651000D48797 /* Frameworks */ = {
			isa = PBXFrameworksBuildPhase;
			buildActionMask = 2147483647;
			files = (
			);
			runOnlyForDeploymentPostprocessing = 0;
		};
		41A5EFC72540651000D48797 /* Frameworks */ = {
			isa = PBXFrameworksBuildPhase;
			buildActionMask = 2147483647;
			files = (
			);
			runOnlyForDeploymentPostprocessing = 0;
		};
/* End PBXFrameworksBuildPhase section */

/* Begin PBXGroup section */
		41A5EFA02540650E00D48797 = {
			isa = PBXGroup;
			children = (
				41A5EFAB2540650E00D48797 /* GhibliMovies */,
				41A5EFC22540651000D48797 /* GhibliMoviesTests */,
				41A5EFCD2540651000D48797 /* GhibliMoviesUITests */,
				41A5EFAA2540650E00D48797 /* Products */,
			);
			sourceTree = "<group>";
		};
		41A5EFAA2540650E00D48797 /* Products */ = {
			isa = PBXGroup;
			children = (
				41A5EFA92540650E00D48797 /* GhibliMovies.app */,
				41A5EFBF2540651000D48797 /* GhibliMoviesTests.xctest */,
				41A5EFCA2540651000D48797 /* GhibliMoviesUITests.xctest */,
			);
			name = Products;
			sourceTree = "<group>";
		};
		41A5EFAB2540650E00D48797 /* GhibliMovies */ = {
			isa = PBXGroup;
			children = (
				41A5F0132540856400D48797 /* README.md */,
				41A5F00E2540850C00D48797 /* LICENSE */,
				41A5EFAC2540650E00D48797 /* AppDelegate.swift */,
				41A5EFAE2540650E00D48797 /* SceneDelegate.swift */,
				41A5EFDF254065C400D48797 /* Model */,
				41A5EFE52540668300D48797 /* View Model */,
				41A5EFB02540650E00D48797 /* ViewController.swift */,
				41A5EFF42540698500D48797 /* Helpers & Extensions */,
				41A5EFB22540650E00D48797 /* Main.storyboard */,
				41A5EFB52540651000D48797 /* Assets.xcassets */,
				41A5EFB72540651000D48797 /* LaunchScreen.storyboard */,
				41A5EFBA2540651000D48797 /* Info.plist */,
			);
			path = GhibliMovies;
			sourceTree = "<group>";
		};
		41A5EFC22540651000D48797 /* GhibliMoviesTests */ = {
			isa = PBXGroup;
			children = (
				41A5EFFD25407A8D00D48797 /* FilmCodableTests.swift */,
				41A5EFC32540651000D48797 /* FilmViewModelTests.swift */,
				41A5EFC52540651000D48797 /* Info.plist */,
			);
			path = GhibliMoviesTests;
			sourceTree = "<group>";
		};
		41A5EFCD2540651000D48797 /* GhibliMoviesUITests */ = {
			isa = PBXGroup;
			children = (
				41A5EFCE2540651000D48797 /* GhibliMoviesUITests.swift */,
				41A5EFD02540651000D48797 /* Info.plist */,
			);
			path = GhibliMoviesUITests;
			sourceTree = "<group>";
		};
		41A5EFDF254065C400D48797 /* Model */ = {
			isa = PBXGroup;
			children = (
				41A5EFE0254065F900D48797 /* Film.swift */,
			);
			path = Model;
			sourceTree = "<group>";
		};
		41A5EFE52540668300D48797 /* View Model */ = {
			isa = PBXGroup;
			children = (
				41A5EFE6254066A100D48797 /* FilmViewModel.swift */,
			);
			path = "View Model";
			sourceTree = "<group>";
		};
		41A5EFF42540698500D48797 /* Helpers & Extensions */ = {
			isa = PBXGroup;
			children = (
				41A5EFF5254069B100D48797 /* GhibliError.swift */,
			);
			path = "Helpers & Extensions";
			sourceTree = "<group>";
		};
/* End PBXGroup section */

/* Begin PBXNativeTarget section */
		41A5EFA82540650E00D48797 /* GhibliMovies */ = {
			isa = PBXNativeTarget;
			buildConfigurationList = 41A5EFD32540651000D48797 /* Build configuration list for PBXNativeTarget "GhibliMovies" */;
			buildPhases = (
				41A5EFA52540650E00D48797 /* Sources */,
				41A5EFA62540650E00D48797 /* Frameworks */,
				41A5EFA72540650E00D48797 /* Resources */,
			);
			buildRules = (
			);
			dependencies = (
			);
			name = GhibliMovies;
			productName = GhibliMovies;
			productReference = 41A5EFA92540650E00D48797 /* GhibliMovies.app */;
			productType = "com.apple.product-type.application";
		};
		41A5EFBE2540651000D48797 /* GhibliMoviesTests */ = {
			isa = PBXNativeTarget;
			buildConfigurationList = 41A5EFD62540651000D48797 /* Build configuration list for PBXNativeTarget "GhibliMoviesTests" */;
			buildPhases = (
				41A5EFBB2540651000D48797 /* Sources */,
				41A5EFBC2540651000D48797 /* Frameworks */,
				41A5EFBD2540651000D48797 /* Resources */,
			);
			buildRules = (
			);
			dependencies = (
				41A5EFC12540651000D48797 /* PBXTargetDependency */,
			);
			name = GhibliMoviesTests;
			productName = GhibliMoviesTests;
			productReference = 41A5EFBF2540651000D48797 /* GhibliMoviesTests.xctest */;
			productType = "com.apple.product-type.bundle.unit-test";
		};
		41A5EFC92540651000D48797 /* GhibliMoviesUITests */ = {
			isa = PBXNativeTarget;
			buildConfigurationList = 41A5EFD92540651000D48797 /* Build configuration list for PBXNativeTarget "GhibliMoviesUITests" */;
			buildPhases = (
				41A5EFC62540651000D48797 /* Sources */,
				41A5EFC72540651000D48797 /* Frameworks */,
				41A5EFC82540651000D48797 /* Resources */,
			);
			buildRules = (
			);
			dependencies = (
				41A5EFCC2540651000D48797 /* PBXTargetDependency */,
			);
			name = GhibliMoviesUITests;
			productName = GhibliMoviesUITests;
			productReference = 41A5EFCA2540651000D48797 /* GhibliMoviesUITests.xctest */;
			productType = "com.apple.product-type.bundle.ui-testing";
		};
/* End PBXNativeTarget section */

/* Begin PBXProject section */
		41A5EFA12540650E00D48797 /* Project object */ = {
			isa = PBXProject;
			attributes = {
				LastSwiftUpdateCheck = 1200;
				LastUpgradeCheck = 1200;
				TargetAttributes = {
					41A5EFA82540650E00D48797 = {
						CreatedOnToolsVersion = 12.0.1;
					};
					41A5EFBE2540651000D48797 = {
						CreatedOnToolsVersion = 12.0.1;
						TestTargetID = 41A5EFA82540650E00D48797;
					};
					41A5EFC92540651000D48797 = {
						CreatedOnToolsVersion = 12.0.1;
						TestTargetID = 41A5EFA82540650E00D48797;
					};
				};
			};
			buildConfigurationList = 41A5EFA42540650E00D48797 /* Build configuration list for PBXProject "GhibliMovies" */;
			compatibilityVersion = "Xcode 9.3";
			developmentRegion = en;
			hasScannedForEncodings = 0;
			knownRegions = (
				en,
				Base,
			);
			mainGroup = 41A5EFA02540650E00D48797;
			productRefGroup = 41A5EFAA2540650E00D48797 /* Products */;
			projectDirPath = "";
			projectRoot = "";
			targets = (
				41A5EFA82540650E00D48797 /* GhibliMovies */,
				41A5EFBE2540651000D48797 /* GhibliMoviesTests */,
				41A5EFC92540651000D48797 /* GhibliMoviesUITests */,
			);
		};
/* End PBXProject section */

/* Begin PBXResourcesBuildPhase section */
		41A5EFA72540650E00D48797 /* Resources */ = {
			isa = PBXResourcesBuildPhase;
			buildActionMask = 2147483647;
			files = (
				41A5EFB92540651000D48797 /* LaunchScreen.storyboard in Resources */,
				41A5EFB62540651000D48797 /* Assets.xcassets in Resources */,
				41A5F00F2540850C00D48797 /* LICENSE in Resources */,
				41A5EFB42540650E00D48797 /* Main.storyboard in Resources */,
			);
			runOnlyForDeploymentPostprocessing = 0;
		};
		41A5EFBD2540651000D48797 /* Resources */ = {
			isa = PBXResourcesBuildPhase;
			buildActionMask = 2147483647;
			files = (
			);
			runOnlyForDeploymentPostprocessing = 0;
		};
		41A5EFC82540651000D48797 /* Resources */ = {
			isa = PBXResourcesBuildPhase;
			buildActionMask = 2147483647;
			files = (
			);
			runOnlyForDeploymentPostprocessing = 0;
		};
/* End PBXResourcesBuildPhase section */

/* Begin PBXSourcesBuildPhase section */
		41A5EFA52540650E00D48797 /* Sources */ = {
			isa = PBXSourcesBuildPhase;
			buildActionMask = 2147483647;
			files = (
				41A5EFB12540650E00D48797 /* ViewController.swift in Sources */,
				41A5EFF6254069B100D48797 /* GhibliError.swift in Sources */,
				41A5EFE1254065F900D48797 /* Film.swift in Sources */,
				41A5EFAD2540650E00D48797 /* AppDelegate.swift in Sources */,
				41A5EFAF2540650E00D48797 /* SceneDelegate.swift in Sources */,
				41A5EFE7254066A100D48797 /* FilmViewModel.swift in Sources */,
			);
			runOnlyForDeploymentPostprocessing = 0;
		};
		41A5EFBB2540651000D48797 /* Sources */ = {
			isa = PBXSourcesBuildPhase;
			buildActionMask = 2147483647;
			files = (
				41A5EFFE25407A8D00D48797 /* FilmCodableTests.swift in Sources */,
				41A5EFC42540651000D48797 /* FilmViewModelTests.swift in Sources */,
			);
			runOnlyForDeploymentPostprocessing = 0;
		};
		41A5EFC62540651000D48797 /* Sources */ = {
			isa = PBXSourcesBuildPhase;
			buildActionMask = 2147483647;
			files = (
				41A5EFCF2540651000D48797 /* GhibliMoviesUITests.swift in Sources */,
			);
			runOnlyForDeploymentPostprocessing = 0;
		};
/* End PBXSourcesBuildPhase section */

/* Begin PBXTargetDependency section */
		41A5EFC12540651000D48797 /* PBXTargetDependency */ = {
			isa = PBXTargetDependency;
			target = 41A5EFA82540650E00D48797 /* GhibliMovies */;
			targetProxy = 41A5EFC02540651000D48797 /* PBXContainerItemProxy */;
		};
		41A5EFCC2540651000D48797 /* PBXTargetDependency */ = {
			isa = PBXTargetDependency;
			target = 41A5EFA82540650E00D48797 /* GhibliMovies */;
			targetProxy = 41A5EFCB2540651000D48797 /* PBXContainerItemProxy */;
		};
/* End PBXTargetDependency section */

/* Begin PBXVariantGroup section */
		41A5EFB22540650E00D48797 /* Main.storyboard */ = {
			isa = PBXVariantGroup;
			children = (
				41A5EFB32540650E00D48797 /* Base */,
			);
			name = Main.storyboard;
			sourceTree = "<group>";
		};
		41A5EFB72540651000D48797 /* LaunchScreen.storyboard */ = {
			isa = PBXVariantGroup;
			children = (
				41A5EFB82540651000D48797 /* Base */,
			);
			name = LaunchScreen.storyboard;
			sourceTree = "<group>";
		};
/* End PBXVariantGroup section */

/* Begin XCBuildConfiguration section */
		41A5EFD12540651000D48797 /* Debug */ = {
			isa = XCBuildConfiguration;
			buildSettings = {
				ALWAYS_SEARCH_USER_PATHS = NO;
				CLANG_ANALYZER_NONNULL = YES;
				CLANG_ANALYZER_NUMBER_OBJECT_CONVERSION = YES_AGGRESSIVE;
				CLANG_CXX_LANGUAGE_STANDARD = "gnu++14";
				CLANG_CXX_LIBRARY = "libc++";
				CLANG_ENABLE_MODULES = YES;
				CLANG_ENABLE_OBJC_ARC = YES;
				CLANG_ENABLE_OBJC_WEAK = YES;
				CLANG_WARN_BLOCK_CAPTURE_AUTORELEASING = YES;
				CLANG_WARN_BOOL_CONVERSION = YES;
				CLANG_WARN_COMMA = YES;
				CLANG_WARN_CONSTANT_CONVERSION = YES;
				CLANG_WARN_DEPRECATED_OBJC_IMPLEMENTATIONS = YES;
				CLANG_WARN_DIRECT_OBJC_ISA_USAGE = YES_ERROR;
				CLANG_WARN_DOCUMENTATION_COMMENTS = YES;
				CLANG_WARN_EMPTY_BODY = YES;
				CLANG_WARN_ENUM_CONVERSION = YES;
				CLANG_WARN_INFINITE_RECURSION = YES;
				CLANG_WARN_INT_CONVERSION = YES;
				CLANG_WARN_NON_LITERAL_NULL_CONVERSION = YES;
				CLANG_WARN_OBJC_IMPLICIT_RETAIN_SELF = YES;
				CLANG_WARN_OBJC_LITERAL_CONVERSION = YES;
				CLANG_WARN_OBJC_ROOT_CLASS = YES_ERROR;
				CLANG_WARN_QUOTED_INCLUDE_IN_FRAMEWORK_HEADER = YES;
				CLANG_WARN_RANGE_LOOP_ANALYSIS = YES;
				CLANG_WARN_STRICT_PROTOTYPES = YES;
				CLANG_WARN_SUSPICIOUS_MOVE = YES;
				CLANG_WARN_UNGUARDED_AVAILABILITY = YES_AGGRESSIVE;
				CLANG_WARN_UNREACHABLE_CODE = YES;
				CLANG_WARN__DUPLICATE_METHOD_MATCH = YES;
				COPY_PHASE_STRIP = NO;
				DEBUG_INFORMATION_FORMAT = dwarf;
				ENABLE_STRICT_OBJC_MSGSEND = YES;
				ENABLE_TESTABILITY = YES;
				GCC_C_LANGUAGE_STANDARD = gnu11;
				GCC_DYNAMIC_NO_PIC = NO;
				GCC_NO_COMMON_BLOCKS = YES;
				GCC_OPTIMIZATION_LEVEL = 0;
				GCC_PREPROCESSOR_DEFINITIONS = (
					"DEBUG=1",
					"$(inherited)",
				);
				GCC_WARN_64_TO_32_BIT_CONVERSION = YES;
				GCC_WARN_ABOUT_RETURN_TYPE = YES_ERROR;
				GCC_WARN_UNDECLARED_SELECTOR = YES;
				GCC_WARN_UNINITIALIZED_AUTOS = YES_AGGRESSIVE;
				GCC_WARN_UNUSED_FUNCTION = YES;
				GCC_WARN_UNUSED_VARIABLE = YES;
				IPHONEOS_DEPLOYMENT_TARGET = 14.0;
				MTL_ENABLE_DEBUG_INFO = INCLUDE_SOURCE;
				MTL_FAST_MATH = YES;
				ONLY_ACTIVE_ARCH = YES;
				SDKROOT = iphoneos;
				SWIFT_ACTIVE_COMPILATION_CONDITIONS = DEBUG;
				SWIFT_OPTIMIZATION_LEVEL = "-Onone";
			};
			name = Debug;
		};
		41A5EFD22540651000D48797 /* Release */ = {
			isa = XCBuildConfiguration;
			buildSettings = {
				ALWAYS_SEARCH_USER_PATHS = NO;
				CLANG_ANALYZER_NONNULL = YES;
				CLANG_ANALYZER_NUMBER_OBJECT_CONVERSION = YES_AGGRESSIVE;
				CLANG_CXX_LANGUAGE_STANDARD = "gnu++14";
				CLANG_CXX_LIBRARY = "libc++";
				CLANG_ENABLE_MODULES = YES;
				CLANG_ENABLE_OBJC_ARC = YES;
				CLANG_ENABLE_OBJC_WEAK = YES;
				CLANG_WARN_BLOCK_CAPTURE_AUTORELEASING = YES;
				CLANG_WARN_BOOL_CONVERSION = YES;
				CLANG_WARN_COMMA = YES;
				CLANG_WARN_CONSTANT_CONVERSION = YES;
				CLANG_WARN_DEPRECATED_OBJC_IMPLEMENTATIONS = YES;
				CLANG_WARN_DIRECT_OBJC_ISA_USAGE = YES_ERROR;
				CLANG_WARN_DOCUMENTATION_COMMENTS = YES;
				CLANG_WARN_EMPTY_BODY = YES;
				CLANG_WARN_ENUM_CONVERSION = YES;
				CLANG_WARN_INFINITE_RECURSION = YES;
				CLANG_WARN_INT_CONVERSION = YES;
				CLANG_WARN_NON_LITERAL_NULL_CONVERSION = YES;
				CLANG_WARN_OBJC_IMPLICIT_RETAIN_SELF = YES;
				CLANG_WARN_OBJC_LITERAL_CONVERSION = YES;
				CLANG_WARN_OBJC_ROOT_CLASS = YES_ERROR;
				CLANG_WARN_QUOTED_INCLUDE_IN_FRAMEWORK_HEADER = YES;
				CLANG_WARN_RANGE_LOOP_ANALYSIS = YES;
				CLANG_WARN_STRICT_PROTOTYPES = YES;
				CLANG_WARN_SUSPICIOUS_MOVE = YES;
				CLANG_WARN_UNGUARDED_AVAILABILITY = YES_AGGRESSIVE;
				CLANG_WARN_UNREACHABLE_CODE = YES;
				CLANG_WARN__DUPLICATE_METHOD_MATCH = YES;
				COPY_PHASE_STRIP = NO;
				DEBUG_INFORMATION_FORMAT = "dwarf-with-dsym";
				ENABLE_NS_ASSERTIONS = NO;
				ENABLE_STRICT_OBJC_MSGSEND = YES;
				GCC_C_LANGUAGE_STANDARD = gnu11;
				GCC_NO_COMMON_BLOCKS = YES;
				GCC_WARN_64_TO_32_BIT_CONVERSION = YES;
				GCC_WARN_ABOUT_RETURN_TYPE = YES_ERROR;
				GCC_WARN_UNDECLARED_SELECTOR = YES;
				GCC_WARN_UNINITIALIZED_AUTOS = YES_AGGRESSIVE;
				GCC_WARN_UNUSED_FUNCTION = YES;
				GCC_WARN_UNUSED_VARIABLE = YES;
				IPHONEOS_DEPLOYMENT_TARGET = 14.0;
				MTL_ENABLE_DEBUG_INFO = NO;
				MTL_FAST_MATH = YES;
				SDKROOT = iphoneos;
				SWIFT_COMPILATION_MODE = wholemodule;
				SWIFT_OPTIMIZATION_LEVEL = "-O";
				VALIDATE_PRODUCT = YES;
			};
			name = Release;
		};
		41A5EFD42540651000D48797 /* Debug */ = {
			isa = XCBuildConfiguration;
			buildSettings = {
				ASSETCATALOG_COMPILER_APPICON_NAME = AppIcon;
				ASSETCATALOG_COMPILER_GLOBAL_ACCENT_COLOR_NAME = AccentColor;
				CODE_SIGN_STYLE = Automatic;
				INFOPLIST_FILE = GhibliMovies/Info.plist;
				LD_RUNPATH_SEARCH_PATHS = (
					"$(inherited)",
					"@executable_path/Frameworks",
				);
				PRODUCT_BUNDLE_IDENTIFIER = "com.clement-cardonnel.GhibliMovies";
				PRODUCT_NAME = "$(TARGET_NAME)";
				SWIFT_VERSION = 5.0;
				TARGETED_DEVICE_FAMILY = "1,2";
			};
			name = Debug;
		};
		41A5EFD52540651000D48797 /* Release */ = {
			isa = XCBuildConfiguration;
			buildSettings = {
				ASSETCATALOG_COMPILER_APPICON_NAME = AppIcon;
				ASSETCATALOG_COMPILER_GLOBAL_ACCENT_COLOR_NAME = AccentColor;
				CODE_SIGN_STYLE = Automatic;
				INFOPLIST_FILE = GhibliMovies/Info.plist;
				LD_RUNPATH_SEARCH_PATHS = (
					"$(inherited)",
					"@executable_path/Frameworks",
				);
				PRODUCT_BUNDLE_IDENTIFIER = "com.clement-cardonnel.GhibliMovies";
				PRODUCT_NAME = "$(TARGET_NAME)";
				SWIFT_VERSION = 5.0;
				TARGETED_DEVICE_FAMILY = "1,2";
			};
			name = Release;
		};
		41A5EFD72540651000D48797 /* Debug */ = {
			isa = XCBuildConfiguration;
			buildSettings = {
				ALWAYS_EMBED_SWIFT_STANDARD_LIBRARIES = YES;
				BUNDLE_LOADER = "$(TEST_HOST)";
				CODE_SIGN_STYLE = Automatic;
				INFOPLIST_FILE = GhibliMoviesTests/Info.plist;
				IPHONEOS_DEPLOYMENT_TARGET = 14.0;
				LD_RUNPATH_SEARCH_PATHS = (
					"$(inherited)",
					"@executable_path/Frameworks",
					"@loader_path/Frameworks",
				);
				PRODUCT_BUNDLE_IDENTIFIER = "com.clement-cardonnel.GhibliMoviesTests";
				PRODUCT_NAME = "$(TARGET_NAME)";
				SWIFT_VERSION = 5.0;
				TARGETED_DEVICE_FAMILY = "1,2";
				TEST_HOST = "$(BUILT_PRODUCTS_DIR)/GhibliMovies.app/GhibliMovies";
			};
			name = Debug;
		};
		41A5EFD82540651000D48797 /* Release */ = {
			isa = XCBuildConfiguration;
			buildSettings = {
				ALWAYS_EMBED_SWIFT_STANDARD_LIBRARIES = YES;
				BUNDLE_LOADER = "$(TEST_HOST)";
				CODE_SIGN_STYLE = Automatic;
				INFOPLIST_FILE = GhibliMoviesTests/Info.plist;
				IPHONEOS_DEPLOYMENT_TARGET = 14.0;
				LD_RUNPATH_SEARCH_PATHS = (
					"$(inherited)",
					"@executable_path/Frameworks",
					"@loader_path/Frameworks",
				);
				PRODUCT_BUNDLE_IDENTIFIER = "com.clement-cardonnel.GhibliMoviesTests";
				PRODUCT_NAME = "$(TARGET_NAME)";
				SWIFT_VERSION = 5.0;
				TARGETED_DEVICE_FAMILY = "1,2";
				TEST_HOST = "$(BUILT_PRODUCTS_DIR)/GhibliMovies.app/GhibliMovies";
			};
			name = Release;
		};
		41A5EFDA2540651000D48797 /* Debug */ = {
			isa = XCBuildConfiguration;
			buildSettings = {
				ALWAYS_EMBED_SWIFT_STANDARD_LIBRARIES = YES;
				CODE_SIGN_STYLE = Automatic;
				INFOPLIST_FILE = GhibliMoviesUITests/Info.plist;
				LD_RUNPATH_SEARCH_PATHS = (
					"$(inherited)",
					"@executable_path/Frameworks",
					"@loader_path/Frameworks",
				);
				PRODUCT_BUNDLE_IDENTIFIER = "com.clement-cardonnel.GhibliMoviesUITests";
				PRODUCT_NAME = "$(TARGET_NAME)";
				SWIFT_VERSION = 5.0;
				TARGETED_DEVICE_FAMILY = "1,2";
				TEST_TARGET_NAME = GhibliMovies;
			};
			name = Debug;
		};
		41A5EFDB2540651000D48797 /* Release */ = {
			isa = XCBuildConfiguration;
			buildSettings = {
				ALWAYS_EMBED_SWIFT_STANDARD_LIBRARIES = YES;
				CODE_SIGN_STYLE = Automatic;
				INFOPLIST_FILE = GhibliMoviesUITests/Info.plist;
				LD_RUNPATH_SEARCH_PATHS = (
					"$(inherited)",
					"@executable_path/Frameworks",
					"@loader_path/Frameworks",
				);
				PRODUCT_BUNDLE_IDENTIFIER = "com.clement-cardonnel.GhibliMoviesUITests";
				PRODUCT_NAME = "$(TARGET_NAME)";
				SWIFT_VERSION = 5.0;
				TARGETED_DEVICE_FAMILY = "1,2";
				TEST_TARGET_NAME = GhibliMovies;
			};
			name = Release;
		};
/* End XCBuildConfiguration section */

/* Begin XCConfigurationList section */
		41A5EFA42540650E00D48797 /* Build configuration list for PBXProject "GhibliMovies" */ = {
			isa = XCConfigurationList;
			buildConfigurations = (
				41A5EFD12540651000D48797 /* Debug */,
				41A5EFD22540651000D48797 /* Release */,
			);
			defaultConfigurationIsVisible = 0;
			defaultConfigurationName = Release;
		};
		41A5EFD32540651000D48797 /* Build configuration list for PBXNativeTarget "GhibliMovies" */ = {
			isa = XCConfigurationList;
			buildConfigurations = (
				41A5EFD42540651000D48797 /* Debug */,
				41A5EFD52540651000D48797 /* Release */,
			);
			defaultConfigurationIsVisible = 0;
			defaultConfigurationName = Release;
		};
		41A5EFD62540651000D48797 /* Build configuration list for PBXNativeTarget "GhibliMoviesTests" */ = {
			isa = XCConfigurationList;
			buildConfigurations = (
				41A5EFD72540651000D48797 /* Debug */,
				41A5EFD82540651000D48797 /* Release */,
			);
			defaultConfigurationIsVisible = 0;
			defaultConfigurationName = Release;
		};
		41A5EFD92540651000D48797 /* Build configuration list for PBXNativeTarget "GhibliMoviesUITests" */ = {
			isa = XCConfigurationList;
			buildConfigurations = (
				41A5EFDA2540651000D48797 /* Debug */,
				41A5EFDB2540651000D48797 /* Release */,
			);
			defaultConfigurationIsVisible = 0;
			defaultConfigurationName = Release;
		};
/* End XCConfigurationList section */
	};
	rootObject = 41A5EFA12540650E00D48797 /* Project object */;
}
